
Microsoft Visual Studio Solution File, Format Version 12.00
# Visual Studio Version 17
VisualStudioVersion = 17.2.32526.322
MinimumVisualStudioVersion = 10.0.40219.1
Project("{FAE04EC0-301F-11D3-BF4B-00C04F79EFBC}") = "DiscordForPowerPoint", "DiscordForPowerPoint\DiscordForPowerPoint.csproj", "{8F6EAF0E-C731-4D94-85A2-DF6BD6F671F4}"
EndProject
Project("{FAE04EC0-301F-11D3-BF4B-00C04F79EFBC}") = "DiscordForExcel", "DiscordForExcel\DiscordForExcel.csproj", "{D5FBA6F5-FA81-4711-9442-1ED71602393A}"
EndProject
Project("{FAE04EC0-301F-11D3-BF4B-00C04F79EFBC}") = "DiscordForWord", "DiscordForWord\DiscordForWord.csproj", "{0FF18081-EA7B-43E5-BE2B-10D50A479C15}"
EndProject
Project("{FAE04EC0-301F-11D3-BF4B-00C04F79EFBC}") = "Shared", "Shared\Shared.csproj", "{3FFB6368-18CB-45ED-A36D-2CD8593382CB}"
EndProject
Project("{FAE04EC0-301F-11D3-BF4B-00C04F79EFBC}") = "DiscordForOutlook", "DiscordForOutlook\DiscordForOutlook.csproj", "{02B86A9E-53DA-428D-89FA-014BCD1CC26E}"
	ProjectSection(ProjectDependencies) = postProject
		{3FFB6368-18CB-45ED-A36D-2CD8593382CB} = {3FFB6368-18CB-45ED-A36D-2CD8593382CB}
	EndProjectSection
EndProject
Global
	GlobalSection(SolutionConfigurationPlatforms) = preSolution
		Debug Unity|Any CPU = Debug Unity|Any CPU
		Debug Unity|x64 = Debug Unity|x64
		Debug Unity|x86 = Debug Unity|x86
		Debug|Any CPU = Debug|Any CPU
		Debug|x64 = Debug|x64
		Debug|x86 = Debug|x86
		Release|Any CPU = Release|Any CPU
		Release|x64 = Release|x64
		Release|x86 = Release|x86
	EndGlobalSection
	GlobalSection(ProjectConfigurationPlatforms) = postSolution
		{8F6EAF0E-C731-4D94-85A2-DF6BD6F671F4}.Debug Unity|Any CPU.ActiveCfg = Debug|Any CPU
		{8F6EAF0E-C731-4D94-85A2-DF6BD6F671F4}.Debug Unity|Any CPU.Build.0 = Debug|Any CPU
		{8F6EAF0E-C731-4D94-85A2-DF6BD6F671F4}.Debug Unity|x64.ActiveCfg = Debug|Any CPU
		{8F6EAF0E-C731-4D94-85A2-DF6BD6F671F4}.Debug Unity|x64.Build.0 = Debug|Any CPU
		{8F6EAF0E-C731-4D94-85A2-DF6BD6F671F4}.Debug Unity|x86.ActiveCfg = Debug|Any CPU
		{8F6EAF0E-C731-4D94-85A2-DF6BD6F671F4}.Debug Unity|x86.Build.0 = Debug|Any CPU
		{8F6EAF0E-C731-4D94-85A2-DF6BD6F671F4}.Debug|Any CPU.ActiveCfg = Debug|Any CPU
		{8F6EAF0E-C731-4D94-85A2-DF6BD6F671F4}.Debug|Any CPU.Build.0 = Debug|Any CPU
		{8F6EAF0E-C731-4D94-85A2-DF6BD6F671F4}.Debug|x64.ActiveCfg = Debug|Any CPU
		{8F6EAF0E-C731-4D94-85A2-DF6BD6F671F4}.Debug|x64.Build.0 = Debug|Any CPU
		{8F6EAF0E-C731-4D94-85A2-DF6BD6F671F4}.Debug|x86.ActiveCfg = Debug|Any CPU
		{8F6EAF0E-C731-4D94-85A2-DF6BD6F671F4}.Debug|x86.Build.0 = Debug|Any CPU
		{8F6EAF0E-C731-4D94-85A2-DF6BD6F671F4}.Release|Any CPU.ActiveCfg = Release|Any CPU
		{8F6EAF0E-C731-4D94-85A2-DF6BD6F671F4}.Release|Any CPU.Build.0 = Release|Any CPU
		{8F6EAF0E-C731-4D94-85A2-DF6BD6F671F4}.Release|x64.ActiveCfg = Release|Any CPU
		{8F6EAF0E-C731-4D94-85A2-DF6BD6F671F4}.Release|x64.Build.0 = Release|Any CPU
		{8F6EAF0E-C731-4D94-85A2-DF6BD6F671F4}.Release|x86.ActiveCfg = Release|Any CPU
		{8F6EAF0E-C731-4D94-85A2-DF6BD6F671F4}.Release|x86.Build.0 = Release|Any CPU
		{D5FBA6F5-FA81-4711-9442-1ED71602393A}.Debug Unity|Any CPU.ActiveCfg = Debug|Any CPU
		{D5FBA6F5-FA81-4711-9442-1ED71602393A}.Debug Unity|Any CPU.Build.0 = Debug|Any CPU
		{D5FBA6F5-FA81-4711-9442-1ED71602393A}.Debug Unity|x64.ActiveCfg = Debug|Any CPU
		{D5FBA6F5-FA81-4711-9442-1ED71602393A}.Debug Unity|x64.Build.0 = Debug|Any CPU
		{D5FBA6F5-FA81-4711-9442-1ED71602393A}.Debug Unity|x86.ActiveCfg = Debug|Any CPU
		{D5FBA6F5-FA81-4711-9442-1ED71602393A}.Debug Unity|x86.Build.0 = Debug|Any CPU
		{D5FBA6F5-FA81-4711-9442-1ED71602393A}.Debug|Any CPU.ActiveCfg = Debug|Any CPU
		{D5FBA6F5-FA81-4711-9442-1ED71602393A}.Debug|Any CPU.Build.0 = Debug|Any CPU
		{D5FBA6F5-FA81-4711-9442-1ED71602393A}.Debug|x64.ActiveCfg = Debug|Any CPU
		{D5FBA6F5-FA81-4711-9442-1ED71602393A}.Debug|x64.Build.0 = Debug|Any CPU
		{D5FBA6F5-FA81-4711-9442-1ED71602393A}.Debug|x86.ActiveCfg = Debug|Any CPU
		{D5FBA6F5-FA81-4711-9442-1ED71602393A}.Debug|x86.Build.0 = Debug|Any CPU
		{D5FBA6F5-FA81-4711-9442-1ED71602393A}.Release|Any CPU.ActiveCfg = Release|Any CPU
		{D5FBA6F5-FA81-4711-9442-1ED71602393A}.Release|Any CPU.Build.0 = Release|Any CPU
		{D5FBA6F5-FA81-4711-9442-1ED71602393A}.Release|x64.ActiveCfg = Release|Any CPU
		{D5FBA6F5-FA81-4711-9442-1ED71602393A}.Release|x64.Build.0 = Release|Any CPU
		{D5FBA6F5-FA81-4711-9442-1ED71602393A}.Release|x86.ActiveCfg = Release|Any CPU
		{D5FBA6F5-FA81-4711-9442-1ED71602393A}.Release|x86.Build.0 = Release|Any CPU
		{0FF18081-EA7B-43E5-BE2B-10D50A479C15}.Debug Unity|Any CPU.ActiveCfg = Debug|Any CPU
		{0FF18081-EA7B-43E5-BE2B-10D50A479C15}.Debug Unity|Any CPU.Build.0 = Debug|Any CPU
		{0FF18081-EA7B-43E5-BE2B-10D50A479C15}.Debug Unity|x64.ActiveCfg = Debug|Any CPU
		{0FF18081-EA7B-43E5-BE2B-10D50A479C15}.Debug Unity|x64.Build.0 = Debug|Any CPU
		{0FF18081-EA7B-43E5-BE2B-10D50A479C15}.Debug Unity|x86.ActiveCfg = Debug|Any CPU
		{0FF18081-EA7B-43E5-BE2B-10D50A479C15}.Debug Unity|x86.Build.0 = Debug|Any CPU
		{0FF18081-EA7B-43E5-BE2B-10D50A479C15}.Debug|Any CPU.ActiveCfg = Debug|Any CPU
		{0FF18081-EA7B-43E5-BE2B-10D50A479C15}.Debug|Any CPU.Build.0 = Debug|Any CPU
		{0FF18081-EA7B-43E5-BE2B-10D50A479C15}.Debug|x64.ActiveCfg = Debug|Any CPU
		{0FF18081-EA7B-43E5-BE2B-10D50A479C15}.Debug|x64.Build.0 = Debug|Any CPU
		{0FF18081-EA7B-43E5-BE2B-10D50A479C15}.Debug|x86.ActiveCfg = Debug|Any CPU
		{0FF18081-EA7B-43E5-BE2B-10D50A479C15}.Debug|x86.Build.0 = Debug|Any CPU
		{0FF18081-EA7B-43E5-BE2B-10D50A479C15}.Release|Any CPU.ActiveCfg = Release|Any CPU
		{0FF18081-EA7B-43E5-BE2B-10D50A479C15}.Release|Any CPU.Build.0 = Release|Any CPU
		{0FF18081-EA7B-43E5-BE2B-10D50A479C15}.Release|x64.ActiveCfg = Release|Any CPU
		{0FF18081-EA7B-43E5-BE2B-10D50A479C15}.Release|x64.Build.0 = Release|Any CPU
		{0FF18081-EA7B-43E5-BE2B-10D50A479C15}.Release|x86.ActiveCfg = Release|Any CPU
		{0FF18081-EA7B-43E5-BE2B-10D50A479C15}.Release|x86.Build.0 = Release|Any CPU
		{3FFB6368-18CB-45ED-A36D-2CD8593382CB}.Debug Unity|Any CPU.ActiveCfg = Debug|Any CPU
		{3FFB6368-18CB-45ED-A36D-2CD8593382CB}.Debug Unity|Any CPU.Build.0 = Debug|Any CPU
		{3FFB6368-18CB-45ED-A36D-2CD8593382CB}.Debug Unity|x64.ActiveCfg = Debug|Any CPU
		{3FFB6368-18CB-45ED-A36D-2CD8593382CB}.Debug Unity|x64.Build.0 = Debug|Any CPU
		{3FFB6368-18CB-45ED-A36D-2CD8593382CB}.Debug Unity|x86.ActiveCfg = Debug|Any CPU
		{3FFB6368-18CB-45ED-A36D-2CD8593382CB}.Debug Unity|x86.Build.0 = Debug|Any CPU
		{3FFB6368-18CB-45ED-A36D-2CD8593382CB}.Debug|Any CPU.ActiveCfg = Debug|Any CPU
		{3FFB6368-18CB-45ED-A36D-2CD8593382CB}.Debug|Any CPU.Build.0 = Debug|Any CPU
		{3FFB6368-18CB-45ED-A36D-2CD8593382CB}.Debug|x64.ActiveCfg = Debug|Any CPU
		{3FFB6368-18CB-45ED-A36D-2CD8593382CB}.Debug|x64.Build.0 = Debug|Any CPU
		{3FFB6368-18CB-45ED-A36D-2CD8593382CB}.Debug|x86.ActiveCfg = Debug|Any CPU
		{3FFB6368-18CB-45ED-A36D-2CD8593382CB}.Debug|x86.Build.0 = Debug|Any CPU
		{3FFB6368-18CB-45ED-A36D-2CD8593382CB}.Release|Any CPU.ActiveCfg = Release|Any CPU
		{3FFB6368-18CB-45ED-A36D-2CD8593382CB}.Release|Any CPU.Build.0 = Release|Any CPU
		{3FFB6368-18CB-45ED-A36D-2CD8593382CB}.Release|x64.ActiveCfg = Release|Any CPU
		{3FFB6368-18CB-45ED-A36D-2CD8593382CB}.Release|x64.Build.0 = Release|Any CPU
		{3FFB6368-18CB-45ED-A36D-2CD8593382CB}.Release|x86.ActiveCfg = Release|Any CPU
		{3FFB6368-18CB-45ED-A36D-2CD8593382CB}.Release|x86.Build.0 = Release|Any CPU
		{02B86A9E-53DA-428D-89FA-014BCD1CC26E}.Debug Unity|Any CPU.ActiveCfg = Debug|Any CPU
		{02B86A9E-53DA-428D-89FA-014BCD1CC26E}.Debug Unity|Any CPU.Build.0 = Debug|Any CPU
		{02B86A9E-53DA-428D-89FA-014BCD1CC26E}.Debug Unity|x64.ActiveCfg = Debug|Any CPU
		{02B86A9E-53DA-428D-89FA-014BCD1CC26E}.Debug Unity|x64.Build.0 = Debug|Any CPU
		{02B86A9E-53DA-428D-89FA-014BCD1CC26E}.Debug Unity|x86.ActiveCfg = Debug|Any CPU
		{02B86A9E-53DA-428D-89FA-014BCD1CC26E}.Debug Unity|x86.Build.0 = Debug|Any CPU
		{02B86A9E-53DA-428D-89FA-014BCD1CC26E}.Debug|Any CPU.ActiveCfg = Debug|Any CPU
		{02B86A9E-53DA-428D-89FA-014BCD1CC26E}.Debug|Any CPU.Build.0 = Debug|Any CPU
		{02B86A9E-53DA-428D-89FA-014BCD1CC26E}.Debug|x64.ActiveCfg = Debug|Any CPU
		{02B86A9E-53DA-428D-89FA-014BCD1CC26E}.Debug|x64.Build.0 = Debug|Any CPU
		{02B86A9E-53DA-428D-89FA-014BCD1CC26E}.Debug|x86.ActiveCfg = Debug|Any CPU
		{02B86A9E-53DA-428D-89FA-014BCD1CC26E}.Debug|x86.Build.0 = Debug|Any CPU
		{02B86A9E-53DA-428D-89FA-014BCD1CC26E}.Release|Any CPU.ActiveCfg = Release|Any CPU
		{02B86A9E-53DA-428D-89FA-014BCD1CC26E}.Release|Any CPU.Build.0 = Release|Any CPU
		{02B86A9E-53DA-428D-89FA-014BCD1CC26E}.Release|x64.ActiveCfg = Release|Any CPU
		{02B86A9E-53DA-428D-89FA-014BCD1CC26E}.Release|x64.Build.0 = Release|Any CPU
		{02B86A9E-53DA-428D-89FA-014BCD1CC26E}.Release|x86.ActiveCfg = Release|Any CPU
		{02B86A9E-53DA-428D-89FA-014BCD1CC26E}.Release|x86.Build.0 = Release|Any CPU
	EndGlobalSection
	GlobalSection(SolutionProperties) = preSolution
		HideSolutionNode = FALSE
	EndGlobalSection
	GlobalSection(ExtensibilityGlobals) = postSolution
		SolutionGuid = {8AC204BF-3DB2-4730-B963-F46747F6C755}
	EndGlobalSection
EndGlobal
